# This file is autogenerated, do not edit; changes may be undone by the next 'dep ensure'.


[[projects]]
  name = "github.com/golang/protobuf"
  packages = ["proto"]
  revision = "925541529c1fa6821df4e44ce2723319eb2be768"
  version = "v1.0.0"

[[projects]]
  branch = "master"
  name = "github.com/porjo/go-flowrate"
  packages = ["flowrate"]
  revision = "fa9daee00a24a92cc8e8f66f408ac5f53826c14c"

[[projects]]
  branch = "master"
  name = "golang.org/x/net"
  packages = [
    "context",
    "context/ctxhttp"
  ]
  revision = "d25186b37f34ebdbbea8f488ef055638dfab272d"

[[projects]]
  branch = "master"
  name = "golang.org/x/oauth2"
  packages = [
    ".",
    "internal"
  ]
  revision = "2f32c3ac0fa4fb807a0fcefb0b6f2468a0d99bd0"

[[projects]]
  branch = "master"
  name = "google.golang.org/api"
  packages = [
    "gensupport",
    "googleapi",
    "googleapi/internal/uritemplates",
    "youtube/v3"
  ]
  revision = "8dd9492f46214d3ecd264e970de1cf530c51c12e"

[[projects]]
  name = "google.golang.org/appengine"
  packages = [
    "internal",
    "internal/base",
    "internal/datastore",
    "internal/log",
    "internal/remote_api",
    "internal/urlfetch",
    "urlfetch"
  ]
  revision = "150dc57a1b433e64154302bdc40b6bb8aefa313a"
  version = "v1.0.0"

[solve-meta]
  analyzer-name = "dep"
  analyzer-version = 1
  inputs-digest = "f534d25e8b45b60bb6b5a2986c90b67bd25fc52aadd09f980f2921aa43880c74"
  solver-name = "gps-cdcl"
  solver-version = 1
